// !$*UTF8*$!
{
	archiveVersion = 1;
	classes = {
	};
	objectVersion = 46;
	objects = {

/* Begin PBXBuildFile section */
		D145D3FD2BE30328A59C230F /* Pods_AnimatedDropdownMenu.framework in Frameworks */ = {isa = PBXBuildFile; fileRef = FFCE15753C06298EBFA4C0F7 /* Pods_AnimatedDropdownMenu.framework */; };
		D361E8ED1E5EC31300182DED /* AppDelegate.swift in Sources */ = {isa = PBXBuildFile; fileRef = D361E8EC1E5EC31300182DED /* AppDelegate.swift */; };
		D361E8EF1E5EC31300182DED /* ViewController.swift in Sources */ = {isa = PBXBuildFile; fileRef = D361E8EE1E5EC31300182DED /* ViewController.swift */; };
		D361E8F21E5EC31300182DED /* Main.storyboard in Resources */ = {isa = PBXBuildFile; fileRef = D361E8F01E5EC31300182DED /* Main.storyboard */; };
		D361E8F41E5EC31300182DED /* Assets.xcassets in Resources */ = {isa = PBXBuildFile; fileRef = D361E8F31E5EC31300182DED /* Assets.xcassets */; };
		D361E8F71E5EC31300182DED /* LaunchScreen.storyboard in Resources */ = {isa = PBXBuildFile; fileRef = D361E8F51E5EC31300182DED /* LaunchScreen.storyboard */; };
/* End PBXBuildFile section */

/* Begin PBXFileReference section */
		37EC04A16CFCE8ACD6EDE13A /* Pods-AnimatedDropdownMenu.debug.xcconfig */ = {isa = PBXFileReference; includeInIndex = 1; lastKnownFileType = text.xcconfig; name = "Pods-AnimatedDropdownMenu.debug.xcconfig"; path = "Pods/Target Support Files/Pods-AnimatedDropdownMenu/Pods-AnimatedDropdownMenu.debug.xcconfig"; sourceTree = "<group>"; };
		71FE0B0EE28B3FE8656363C7 /* Pods-AnimatedDropdownMenu.release.xcconfig */ = {isa = PBXFileReference; includeInIndex = 1; lastKnownFileType = text.xcconfig; name = "Pods-AnimatedDropdownMenu.release.xcconfig"; path = "Pods/Target Support Files/Pods-AnimatedDropdownMenu/Pods-AnimatedDropdownMenu.release.xcconfig"; sourceTree = "<group>"; };
		D361E8E91E5EC31300182DED /* AnimatedDropdownMenu.app */ = {isa = PBXFileReference; explicitFileType = wrapper.application; includeInIndex = 0; path = AnimatedDropdownMenu.app; sourceTree = BUILT_PRODUCTS_DIR; };
		D361E8EC1E5EC31300182DED /* AppDelegate.swift */ = {isa = PBXFileReference; lastKnownFileType = sourcecode.swift; path = AppDelegate.swift; sourceTree = "<group>"; };
		D361E8EE1E5EC31300182DED /* ViewController.swift */ = {isa = PBXFileReference; lastKnownFileType = sourcecode.swift; path = ViewController.swift; sourceTree = "<group>"; };
		D361E8F11E5EC31300182DED /* Base */ = {isa = PBXFileReference; lastKnownFileType = file.storyboard; name = Base; path = Base.lproj/Main.storyboard; sourceTree = "<group>"; };
		D361E8F31E5EC31300182DED /* Assets.xcassets */ = {isa = PBXFileReference; lastKnownFileType = folder.assetcatalog; path = Assets.xcassets; sourceTree = "<group>"; };
		D361E8F61E5EC31300182DED /* Base */ = {isa = PBXFileReference; lastKnownFileType = file.storyboard; name = Base; path = Base.lproj/LaunchScreen.storyboard; sourceTree = "<group>"; };
		D361E8F81E5EC31300182DED /* Info.plist */ = {isa = PBXFileReference; lastKnownFileType = text.plist.xml; path = Info.plist; sourceTree = "<group>"; };
		FFCE15753C06298EBFA4C0F7 /* Pods_AnimatedDropdownMenu.framework */ = {isa = PBXFileReference; explicitFileType = wrapper.framework; includeInIndex = 0; path = Pods_AnimatedDropdownMenu.framework; sourceTree = BUILT_PRODUCTS_DIR; };
/* End PBXFileReference section */

/* Begin PBXFrameworksBuildPhase section */
		D361E8E61E5EC31300182DED /* Frameworks */ = {
			isa = PBXFrameworksBuildPhase;
			buildActionMask = 2147483647;
			files = (
				D145D3FD2BE30328A59C230F /* Pods_AnimatedDropdownMenu.framework in Frameworks */,
			);
			runOnlyForDeploymentPostprocessing = 0;
		};
/* End PBXFrameworksBuildPhase section */

/* Begin PBXGroup section */
		52FF6D8CFB5740941FCBA414 /* Pods */ = {
			isa = PBXGroup;
			children = (
				37EC04A16CFCE8ACD6EDE13A /* Pods-AnimatedDropdownMenu.debug.xcconfig */,
				71FE0B0EE28B3FE8656363C7 /* Pods-AnimatedDropdownMenu.release.xcconfig */,
			);
			name = Pods;
			sourceTree = "<group>";
		};
		69452FF5F2E6E765FE57A21E /* Frameworks */ = {
			isa = PBXGroup;
			children = (
				FFCE15753C06298EBFA4C0F7 /* Pods_AnimatedDropdownMenu.framework */,
			);
			name = Frameworks;
			sourceTree = "<group>";
		};
		D361E8E01E5EC31300182DED = {
			isa = PBXGroup;
			children = (
				D361E8EB1E5EC31300182DED /* AnimatedDropdownMenu */,
				D361E8EA1E5EC31300182DED /* Products */,
				52FF6D8CFB5740941FCBA414 /* Pods */,
				69452FF5F2E6E765FE57A21E /* Frameworks */,
			);
			sourceTree = "<group>";
		};
		D361E8EA1E5EC31300182DED /* Products */ = {
			isa = PBXGroup;
			children = (
				D361E8E91E5EC31300182DED /* AnimatedDropdownMenu.app */,
			);
			name = Products;
			sourceTree = "<group>";
		};
		D361E8EB1E5EC31300182DED /* AnimatedDropdownMenu */ = {
			isa = PBXGroup;
			children = (
				D361E8EC1E5EC31300182DED /* AppDelegate.swift */,
				D361E8EE1E5EC31300182DED /* ViewController.swift */,
				D361E8F01E5EC31300182DED /* Main.storyboard */,
				D361E8F31E5EC31300182DED /* Assets.xcassets */,
				D361E8F51E5EC31300182DED /* LaunchScreen.storyboard */,
				D361E8F81E5EC31300182DED /* Info.plist */,
			);
			path = AnimatedDropdownMenu;
			sourceTree = "<group>";
		};
/* End PBXGroup section */

/* Begin PBXNativeTarget section */
		D361E8E81E5EC31300182DED /* AnimatedDropdownMenu */ = {
			isa = PBXNativeTarget;
			buildConfigurationList = D361E8FB1E5EC31300182DED /* Build configuration list for PBXNativeTarget "AnimatedDropdownMenu" */;
			buildPhases = (
				0EBA19868E475563902849CE /* [CP] Check Pods Manifest.lock */,
				D361E8E51E5EC31300182DED /* Sources */,
				D361E8E61E5EC31300182DED /* Frameworks */,
				D361E8E71E5EC31300182DED /* Resources */,
				AF62D1B1E550F3D5FA3B549F /* [CP] Embed Pods Frameworks */,
				1BDD6B10F8036839F430B085 /* [CP] Copy Pods Resources */,
			);
			buildRules = (
			);
			dependencies = (
			);
			name = AnimatedDropdownMenu;
			productName = AnimatedDropdownMenu;
			productReference = D361E8E91E5EC31300182DED /* AnimatedDropdownMenu.app */;
			productType = "com.apple.product-type.application";
		};
/* End PBXNativeTarget section */

/* Begin PBXProject section */
		D361E8E11E5EC31300182DED /* Project object */ = {
			isa = PBXProject;
			attributes = {
				LastSwiftUpdateCheck = 0820;
				LastUpgradeCheck = 0820;
				ORGANIZATIONNAME = JonyFang;
				TargetAttributes = {
					D361E8E81E5EC31300182DED = {
						CreatedOnToolsVersion = 8.2.1;
						DevelopmentTeam = 26SQZQ89WS;
						ProvisioningStyle = Automatic;
					};
				};
			};
			buildConfigurationList = D361E8E41E5EC31300182DED /* Build configuration list for PBXProject "AnimatedDropdownMenu" */;
			compatibilityVersion = "Xcode 3.2";
			developmentRegion = English;
			hasScannedForEncodings = 0;
			knownRegions = (
				en,
				Base,
			);
			mainGroup = D361E8E01E5EC31300182DED;
			productRefGroup = D361E8EA1E5EC31300182DED /* Products */;
			projectDirPath = "";
			projectRoot = "";
			targets = (
				D361E8E81E5EC31300182DED /* AnimatedDropdownMenu */,
			);
		};
/* End PBXProject section */

/* Begin PBXResourcesBuildPhase section */
		D361E8E71E5EC31300182DED /* Resources */ = {
			isa = PBXResourcesBuildPhase;
			buildActionMask = 2147483647;
			files = (
				D361E8F71E5EC31300182DED /* LaunchScreen.storyboard in Resources */,
				D361E8F41E5EC31300182DED /* Assets.xcassets in Resources */,
				D361E8F21E5EC31300182DED /* Main.storyboard in Resources */,
			);
			runOnlyForDeploymentPostprocessing = 0;
		};
/* End PBXResourcesBuildPhase section */

/* Begin PBXShellScriptBuildPhase section */
		0EBA19868E475563902849CE /* [CP] Check Pods Manifest.lock */ = {
			isa = PBXShellScriptBuildPhase;
			buildActionMask = 2147483647;
			files = (
			);
			inputPaths = (
			);
			name = "[CP] Check Pods Manifest.lock";
			outputPaths = (
			);
			runOnlyForDeploymentPostprocessing = 0;
			shellPath = /bin/sh;
			shellScript = "diff \"${PODS_ROOT}/../Podfile.lock\" \"${PODS_ROOT}/Manifest.lock\" > /dev/null\nif [ $? != 0 ] ; then\n    # print error to STDERR\n    echo \"error: The sandbox is not in sync with the Podfile.lock. Run 'pod install' or update your CocoaPods installation.\" >&2\n    exit 1\nfi\n";
			showEnvVarsInLog = 0;
		};
		1BDD6B10F8036839F430B085 /* [CP] Copy Pods Resources */ = {
			isa = PBXShellScriptBuildPhase;
			buildActionMask = 2147483647;
			files = (
			);
			inputPaths = (
			);
			name = "[CP] Copy Pods Resources";
			outputPaths = (
			);
			runOnlyForDeploymentPostprocessing = 0;
			shellPath = /bin/sh;
			shellScript = "\"${SRCROOT}/Pods/Target Support Files/Pods-AnimatedDropdownMenu/Pods-AnimatedDropdownMenu-resources.sh\"\n";
			showEnvVarsInLog = 0;
		};
		AF62D1B1E550F3D5FA3B549F /* [CP] Embed Pods Frameworks */ = {
			isa = PBXShellScriptBuildPhase;
			buildActionMask = 2147483647;
			files = (
			);
			inputPaths = (
			);
			name = "[CP] Embed Pods Frameworks";
			outputPaths = (
			);
			runOnlyForDeploymentPostprocessing = 0;
			shellPath = /bin/sh;
			shellScript = "\"${SRCROOT}/Pods/Target Support Files/Pods-AnimatedDropdownMenu/Pods-AnimatedDropdownMenu-frameworks.sh\"\n";
			showEnvVarsInLog = 0;
		};
/* End PBXShellScriptBuildPhase section */

/* Begin PBXSourcesBuildPhase section */
		D361E8E51E5EC31300182DED /* Sources */ = {
			isa = PBXSourcesBuildPhase;
			buildActionMask = 2147483647;
			files = (
				D361E8EF1E5EC31300182DED /* ViewController.swift in Sources */,
				D361E8ED1E5EC31300182DED /* AppDelegate.swift in Sources */,
			);
			runOnlyForDeploymentPostprocessing = 0;
		};
/* End PBXSourcesBuildPhase section */

/* Begin PBXVariantGroup section */
		D361E8F01E5EC31300182DED /* Main.storyboard */ = {
			isa = PBXVariantGroup;
			children = (
				D361E8F11E5EC31300182DED /* Base */,
			);
			name = Main.storyboard;
			sourceTree = "<group>";
		};
		D361E8F51E5EC31300182DED /* LaunchScreen.storyboard */ = {
			isa = PBXVariantGroup;
			children = (
				D361E8F61E5EC31300182DED /* Base */,
			);
			name = LaunchScreen.storyboard;
			sourceTree = "<group>";
		};
/* End PBXVariantGroup section */

/* Begin XCBuildConfiguration section */
		D361E8F91E5EC31300182DED /* Debug */ = {
			isa = XCBuildConfiguration;
			buildSettings = {
				ALWAYS_SEARCH_USER_PATHS = NO;
				CLANG_ANALYZER_NONNULL = YES;
				CLANG_CXX_LANGUAGE_STANDARD = "gnu++0x";
				CLANG_CXX_LIBRARY = "libc++";
				CLANG_ENABLE_MODULES = YES;
				CLANG_ENABLE_OBJC_ARC = YES;
				CLANG_WARN_BOOL_CONVERSION = YES;
				CLANG_WARN_CONSTANT_CONVERSION = YES;
				CLANG_WARN_DIRECT_OBJC_ISA_USAGE = YES_ERROR;
				CLANG_WARN_DOCUMENTATION_COMMENTS = YES;
				CLANG_WARN_EMPTY_BODY = YES;
				CLANG_WARN_ENUM_CONVERSION = YES;
				CLANG_WARN_INFINITE_RECURSION = YES;
				CLANG_WARN_INT_CONVERSION = YES;
				CLANG_WARN_OBJC_ROOT_CLASS = YES_ERROR;
				CLANG_WARN_SUSPICIOUS_MOVE = YES;
				CLANG_WARN_UNREACHABLE_CODE = YES;
				CLANG_WARN__DUPLICATE_METHOD_MATCH = YES;
				"CODE_SIGN_IDENTITY[sdk=iphoneos*]" = "iPhone Developer";
				COPY_PHASE_STRIP = NO;
				DEBUG_INFORMATION_FORMAT = dwarf;
				ENABLE_STRICT_OBJC_MSGSEND = YES;
				ENABLE_TESTABILITY = YES;
				GCC_C_LANGUAGE_STANDARD = gnu99;
				GCC_DYNAMIC_NO_PIC = NO;
				GCC_NO_COMMON_BLOCKS = YES;
				GCC_OPTIMIZATION_LEVEL = 0;
				GCC_PREPROCESSOR_DEFINITIONS = (
					"DEBUG=1",
					"$(inherited)",
				);
				GCC_WARN_64_TO_32_BIT_CONVERSION = YES;
				GCC_WARN_ABOUT_RETURN_TYPE = YES_ERROR;
				GCC_WARN_UNDECLARED_SELECTOR = YES;
				GCC_WARN_UNINITIALIZED_AUTOS = YES_AGGRESSIVE;
				GCC_WARN_UNUSED_FUNCTION = YES;
				GCC_WARN_UNUSED_VARIABLE = YES;
				IPHONEOS_DEPLOYMENT_TARGET = 9.0;
				MTL_ENABLE_DEBUG_INFO = YES;
				ONLY_ACTIVE_ARCH = YES;
				SDKROOT = iphoneos;
				SWIFT_ACTIVE_COMPILATION_CONDITIONS = DEBUG;
				SWIFT_OPTIMIZATION_LEVEL = "-Onone";
			};
			name = Debug;
		};
		D361E8FA1E5EC31300182DED /* Release */ = {
			isa = XCBuildConfiguration;
			buildSettings = {
				ALWAYS_SEARCH_USER_PATHS = NO;
				CLANG_ANALYZER_NONNULL = YES;
				CLANG_CXX_LANGUAGE_STANDARD = "gnu++0x";
				CLANG_CXX_LIBRARY = "libc++";
				CLANG_ENABLE_MODULES = YES;
				CLANG_ENABLE_OBJC_ARC = YES;
				CLANG_WARN_BOOL_CONVERSION = YES;
				CLANG_WARN_CONSTANT_CONVERSION = YES;
				CLANG_WARN_DIRECT_OBJC_ISA_USAGE = YES_ERROR;
				CLANG_WARN_DOCUMENTATION_COMMENTS = YES;
				CLANG_WARN_EMPTY_BODY = YES;
				CLANG_WARN_ENUM_CONVERSION = YES;
				CLANG_WARN_INFINITE_RECURSION = YES;
				CLANG_WARN_INT_CONVERSION = YES;
				CLANG_WARN_OBJC_ROOT_CLASS = YES_ERROR;
				CLANG_WARN_SUSPICIOUS_MOVE = YES;
				CLANG_WARN_UNREACHABLE_CODE = YES;
				CLANG_WARN__DUPLICATE_METHOD_MATCH = YES;
				"CODE_SIGN_IDENTITY[sdk=iphoneos*]" = "iPhone Developer";
				COPY_PHASE_STRIP = NO;
				DEBUG_INFORMATION_FORMAT = "dwarf-with-dsym";
				ENABLE_NS_ASSERTIONS = NO;
				ENABLE_STRICT_OBJC_MSGSEND = YES;
				GCC_C_LANGUAGE_STANDARD = gnu99;
				GCC_NO_COMMON_BLOCKS = YES;
				GCC_WARN_64_TO_32_BIT_CONVERSION = YES;
				GCC_WARN_ABOUT_RETURN_TYPE = YES_ERROR;
				GCC_WARN_UNDECLARED_SELECTOR = YES;
				GCC_WARN_UNINITIALIZED_AUTOS = YES_AGGRESSIVE;
				GCC_WARN_UNUSED_FUNCTION = YES;
				GCC_WARN_UNUSED_VARIABLE = YES;
				IPHONEOS_DEPLOYMENT_TARGET = 9.0;
				MTL_ENABLE_DEBUG_INFO = NO;
				SDKROOT = iphoneos;
				SWIFT_OPTIMIZATION_LEVEL = "-Owholemodule";
				VALIDATE_PRODUCT = YES;
			};
			name = Release;
		};
		D361E8FC1E5EC31300182DED /* Debug */ = {
			isa = XCBuildConfiguration;
			baseConfigurationReference = 37EC04A16CFCE8ACD6EDE13A /* Pods-AnimatedDropdownMenu.debug.xcconfig */;
			buildSettings = {
				ASSETCATALOG_COMPILER_APPICON_NAME = AppIcon;
				DEVELOPMENT_TEAM = 26SQZQ89WS;
				INFOPLIST_FILE = AnimatedDropdownMenu/Info.plist;
				LD_RUNPATH_SEARCH_PATHS = "$(inherited) @executable_path/Frameworks";
				PRODUCT_BUNDLE_IDENTIFIER = JonyFang.AnimatedDropdownMenu;
				PRODUCT_NAME = "$(TARGET_NAME)";
				SWIFT_VERSION = 3.0;
			};
			name = Debug;
		};
		D361E8FD1E5EC31300182DED /* Release */ = {
			isa = XCBuildConfiguration;
			baseConfigurationReference = 71FE0B0EE28B3FE8656363C7 /* Pods-AnimatedDropdownMenu.release.xcconfig */;
			buildSettings = {
				ASSETCATALOG_COMPILER_APPICON_NAME = AppIcon;
				DEVELOPMENT_TEAM = 26SQZQ89WS;
				INFOPLIST_FILE = AnimatedDropdownMenu/Info.plist;
				LD_RUNPATH_SEARCH_PATHS = "$(inherited) @executable_path/Frameworks";
				PRODUCT_BUNDLE_IDENTIFIER = JonyFang.AnimatedDropdownMenu;
				PRODUCT_NAME = "$(TARGET_NAME)";
				SWIFT_VERSION = 3.0;
			};
			name = Release;
		};
/* End XCBuildConfiguration section */

/* Begin XCConfigurationList section */
		D361E8E41E5EC31300182DED /* Build configuration list for PBXProject "AnimatedDropdownMenu" */ = {
			isa = XCConfigurationList;
			buildConfigurations = (
				D361E8F91E5EC31300182DED /* Debug */,
				D361E8FA1E5EC31300182DED /* Release */,
			);
			defaultConfigurationIsVisible = 0;
			defaultConfigurationName = Release;
		};
		D361E8FB1E5EC31300182DED /* Build configuration list for PBXNativeTarget "AnimatedDropdownMenu" */ = {
			isa = XCConfigurationList;
			buildConfigurations = (
				D361E8FC1E5EC31300182DED /* Debug */,
				D361E8FD1E5EC31300182DED /* Release */,
			);
			defaultConfigurationIsVisible = 0;
			defaultConfigurationName = Release;
		};
/* End XCConfigurationList section */
	};
	rootObject = D361E8E11E5EC31300182DED /* Project object */;
}
